
Microsoft Visual Studio Solution File, Format Version 12.00
# Visual Studio Version 16
VisualStudioVersion = 16.0.31205.134
MinimumVisualStudioVersion = 10.0.40219.1
Project("{9A19103F-16F7-4668-BE54-9A1E7A4F7556}") = "ModelingAgency.Data", "ModelingAgencyData\ModelingAgency.Data.csproj", "{A3E08445-1314-4E20-A9B5-DEBD7DF986F6}"
EndProject
Project("{9A19103F-16F7-4668-BE54-9A1E7A4F7556}") = "ModelingAgency.Data.Service.Infrastructure.Sql", "ModelingAgency.Data.Infrastructure.Sql\ModelingAgency.Data.Service.Infrastructure.Sql.csproj", "{CCEF003C-198E-43CC-BAA1-492998368E77}"
EndProject
Project("{9A19103F-16F7-4668-BE54-9A1E7A4F7556}") = "ModelingAgency.Data.Service", "ModelingAgency.Data.Service\ModelingAgency.Data.Service.csproj", "{FBFA4FEE-A093-40C6-8EB7-CAF6E6E28A6B}"
EndProject
Project("{FAE04EC0-301F-11D3-BF4B-00C04F79EFBC}") = "ModelingAgency.Views", "ModelingAgency.Views\ModelingAgency.Views.csproj", "{030E803E-D686-4876-B1DF-D4719BA94CFF}"
EndProject
Global
	GlobalSection(SolutionConfigurationPlatforms) = preSolution
		Debug|Any CPU = Debug|Any CPU
		Release|Any CPU = Release|Any CPU
	EndGlobalSection
	GlobalSection(ProjectConfigurationPlatforms) = postSolution
		{A3E08445-1314-4E20-A9B5-DEBD7DF986F6}.Debug|Any CPU.ActiveCfg = Debug|Any CPU
		{A3E08445-1314-4E20-A9B5-DEBD7DF986F6}.Debug|Any CPU.Build.0 = Debug|Any CPU
		{A3E08445-1314-4E20-A9B5-DEBD7DF986F6}.Release|Any CPU.ActiveCfg = Release|Any CPU
		{A3E08445-1314-4E20-A9B5-DEBD7DF986F6}.Release|Any CPU.Build.0 = Release|Any CPU
		{CCEF003C-198E-43CC-BAA1-492998368E77}.Debug|Any CPU.ActiveCfg = Debug|Any CPU
		{CCEF003C-198E-43CC-BAA1-492998368E77}.Debug|Any CPU.Build.0 = Debug|Any CPU
		{CCEF003C-198E-43CC-BAA1-492998368E77}.Release|Any CPU.ActiveCfg = Release|Any CPU
		{CCEF003C-198E-43CC-BAA1-492998368E77}.Release|Any CPU.Build.0 = Release|Any CPU
		{FBFA4FEE-A093-40C6-8EB7-CAF6E6E28A6B}.Debug|Any CPU.ActiveCfg = Debug|Any CPU
		{FBFA4FEE-A093-40C6-8EB7-CAF6E6E28A6B}.Debug|Any CPU.Build.0 = Debug|Any CPU
		{FBFA4FEE-A093-40C6-8EB7-CAF6E6E28A6B}.Release|Any CPU.ActiveCfg = Release|Any CPU
		{FBFA4FEE-A093-40C6-8EB7-CAF6E6E28A6B}.Release|Any CPU.Build.0 = Release|Any CPU
		{030E803E-D686-4876-B1DF-D4719BA94CFF}.Debug|Any CPU.ActiveCfg = Debug|Any CPU
		{030E803E-D686-4876-B1DF-D4719BA94CFF}.Debug|Any CPU.Build.0 = Debug|Any CPU
		{030E803E-D686-4876-B1DF-D4719BA94CFF}.Release|Any CPU.ActiveCfg = Release|Any CPU
		{030E803E-D686-4876-B1DF-D4719BA94CFF}.Release|Any CPU.Build.0 = Release|Any CPU
	EndGlobalSection
	GlobalSection(SolutionProperties) = preSolution
		HideSolutionNode = FALSE
	EndGlobalSection
	GlobalSection(ExtensibilityGlobals) = postSolution
		SolutionGuid = {4D4A983D-E030-4654-90E2-9F8DF6587FCE}
	EndGlobalSection
EndGlobal
